
Microsoft Visual Studio Solution File, Format Version 12.00
# Visual Studio Version 17
VisualStudioVersion = 17.7.34009.444
MinimumVisualStudioVersion = 10.0.40219.1
Project("{8BC9CEB8-8B4A-11D0-8D11-00A0C91BC942}") = "BasicSockets", "BasicSockets\BasicSockets.vcxproj", "{E766FA87-D3FF-46BA-A638-C2F754EF0172}"
EndProject
Project("{8BC9CEB8-8B4A-11D0-8D11-00A0C91BC942}") = "Server", "Server\Server.vcxproj", "{A3911A41-D27C-4831-8016-BC306E59E182}"
EndProject
Project("{8BC9CEB8-8B4A-11D0-8D11-00A0C91BC942}") = "Client", "Client\Client.vcxproj", "{90EC543B-7C67-4F6E-947F-B892BB724158}"
EndProject
Global
	GlobalSection(SolutionConfigurationPlatforms) = preSolution
		Debug|x64 = Debug|x64
		Debug|x86 = Debug|x86
		Release|x64 = Release|x64
		Release|x86 = Release|x86
	EndGlobalSection
	GlobalSection(ProjectConfigurationPlatforms) = postSolution
		{E766FA87-D3FF-46BA-A638-C2F754EF0172}.Debug|x64.ActiveCfg = Debug|x64
		{E766FA87-D3FF-46BA-A638-C2F754EF0172}.Debug|x64.Build.0 = Debug|x64
		{E766FA87-D3FF-46BA-A638-C2F754EF0172}.Debug|x86.ActiveCfg = Debug|Win32
		{E766FA87-D3FF-46BA-A638-C2F754EF0172}.Debug|x86.Build.0 = Debug|Win32
		{E766FA87-D3FF-46BA-A638-C2F754EF0172}.Release|x64.ActiveCfg = Release|x64
		{E766FA87-D3FF-46BA-A638-C2F754EF0172}.Release|x64.Build.0 = Release|x64
		{E766FA87-D3FF-46BA-A638-C2F754EF0172}.Release|x86.ActiveCfg = Release|Win32
		{E766FA87-D3FF-46BA-A638-C2F754EF0172}.Release|x86.Build.0 = Release|Win32
		{A3911A41-D27C-4831-8016-BC306E59E182}.Debug|x64.ActiveCfg = Debug|x64
		{A3911A41-D27C-4831-8016-BC306E59E182}.Debug|x64.Build.0 = Debug|x64
		{A3911A41-D27C-4831-8016-BC306E59E182}.Debug|x86.ActiveCfg = Debug|Win32
		{A3911A41-D27C-4831-8016-BC306E59E182}.Debug|x86.Build.0 = Debug|Win32
		{A3911A41-D27C-4831-8016-BC306E59E182}.Release|x64.ActiveCfg = Release|x64
		{A3911A41-D27C-4831-8016-BC306E59E182}.Release|x64.Build.0 = Release|x64
		{A3911A41-D27C-4831-8016-BC306E59E182}.Release|x86.ActiveCfg = Release|Win32
		{A3911A41-D27C-4831-8016-BC306E59E182}.Release|x86.Build.0 = Release|Win32
		{90EC543B-7C67-4F6E-947F-B892BB724158}.Debug|x64.ActiveCfg = Debug|x64
		{90EC543B-7C67-4F6E-947F-B892BB724158}.Debug|x64.Build.0 = Debug|x64
		{90EC543B-7C67-4F6E-947F-B892BB724158}.Debug|x86.ActiveCfg = Debug|Win32
		{90EC543B-7C67-4F6E-947F-B892BB724158}.Debug|x86.Build.0 = Debug|Win32
		{90EC543B-7C67-4F6E-947F-B892BB724158}.Release|x64.ActiveCfg = Release|x64
		{90EC543B-7C67-4F6E-947F-B892BB724158}.Release|x64.Build.0 = Release|x64
		{90EC543B-7C67-4F6E-947F-B892BB724158}.Release|x86.ActiveCfg = Release|Win32
		{90EC543B-7C67-4F6E-947F-B892BB724158}.Release|x86.Build.0 = Release|Win32
	EndGlobalSection
	GlobalSection(SolutionProperties) = preSolution
		HideSolutionNode = FALSE
	EndGlobalSection
	GlobalSection(ExtensibilityGlobals) = postSolution
		SolutionGuid = {C6EAE5D3-A11C-44ED-AF1B-E13AAD66E57E}
	EndGlobalSection
EndGlobal
